# Generated by dev. Do not edit.
# Edit dependencies.rb and run dev update-deps to change.
# dependencies-digest: a3cae12e04fc5935f805c4f499e67c132e29a9c0182f420ad1f2f39a0aabb38f

sorbet-runtime:
  integration: bundler
  group: app
  version: 0.6.13365
sorbet:
  integration: bundler
  group: development
  version: 0.6.13365
tapioca:
  integration: bundler
  group: development
  version: 0.19.2
minitest:
  integration: bundler
  group: test
  version: 5.27.0
minitest-reporters:
  integration: bundler
  group: test
  version: 1.8.0
rake:
  integration: bundler
  group: test
  version: 13.4.2
rspock:
  integration: bundler
  group: test
  version: 3.0.0
simplecov:
  integration: bundler
  group: test
  version: 1.0.3
simplecov-cobertura:
  integration: bundler
  group: test
  version: 4.0.0
simplecov-sorbet:
  integration: bundler
  group: test
  version: 0.2.0
