# Generated by dev. Do not edit.
# Edit dependencies.rb and run dev update-deps to change.
# dependencies-digest: 35e92a261ab2429a18df38027e4f9d2a8cd06342a63c3d132d3a6578f3fb5e80

sorbet-runtime:
  integration: bundler
  group: app
  version: 0.6.13365
sorbet:
  integration: bundler
  group: development
  version: 0.6.13365
tapioca:
  integration: bundler
  group: development
  version: 0.19.2
rubocop:
  integration: bundler
  group: development
  version: 1.88.2
rubocop-shopify:
  integration: bundler
  group: development
  version: 3.0.1
rubocop-sorbet:
  integration: bundler
  group: development
  version: 0.13.2
minitest:
  integration: bundler
  group: test
  version: 5.27.0
minitest-reporters:
  integration: bundler
  group: test
  version: 1.8.0
rake:
  integration: bundler
  group: test
  version: 13.4.2
rspock:
  integration: bundler
  group: test
  version: 3.0.0
simplecov:
  integration: bundler
  group: test
  version: 1.0.3
simplecov-cobertura:
  integration: bundler
  group: test
  version: 4.0.0
simplecov-sorbet:
  integration: bundler
  group: test
  version: 0.2.0
