# Generated by dev. Do not edit.
# Edit dependencies.rb and run dev deps update to change.
# dependencies-digest: 82bfe8c4d691902f0ea39a85c2cc2f9e0ce55a5ca0e78b4cd5ffd2f7ffc386d2

bundler:
  sorbet-runtime:
    group: app
    version: 0.6.13365
  sorbet:
    group: development
    version: 0.6.13365
  tapioca:
    group: development
    version: 0.19.2
  rubocop:
    group: development
    version: 1.88.2
  rubocop-shopify:
    group: development
    version: 3.0.1
  rubocop-sorbet:
    group: development
    version: 0.13.2
  minitest:
    group: test
    version: 5.27.0
  minitest-reporters:
    group: test
    version: 1.8.0
  rake:
    group: test
    version: 13.4.2
  rspock:
    group: test
    version: 3.0.0
  simplecov:
    group: test
    version: 1.0.3
  simplecov-cobertura:
    group: test
    version: 4.0.0
  simplecov-sorbet:
    group: test
    version: 0.2.0
